
Microsoft Visual Studio Solution File, Format Version 12.00
# Visual Studio Version 16
VisualStudioVersion = 16.0.29926.136
MinimumVisualStudioVersion = 10.0.40219.1
Project("{8BC9CEB8-8B4A-11D0-8D11-00A0C91BC942}") = "hash", "hash\hash.vcxproj", "{BE9AA04C-31BE-42FC-B4C5-988E1FDF55D0}"
EndProject
Global
	GlobalSection(SolutionConfigurationPlatforms) = preSolution
		Debug|x64 = Debug|x64
		Debug|x86 = Debug|x86
		Release|x64 = Release|x64
		Release|x86 = Release|x86
	EndGlobalSection
	GlobalSection(ProjectConfigurationPlatforms) = postSolution
		{BE9AA04C-31BE-42FC-B4C5-988E1FDF55D0}.Debug|x64.ActiveCfg = Debug|x64
		{BE9AA04C-31BE-42FC-B4C5-988E1FDF55D0}.Debug|x64.Build.0 = Debug|x64
		{BE9AA04C-31BE-42FC-B4C5-988E1FDF55D0}.Debug|x86.ActiveCfg = Debug|Win32
		{BE9AA04C-31BE-42FC-B4C5-988E1FDF55D0}.Debug|x86.Build.0 = Debug|Win32
		{BE9AA04C-31BE-42FC-B4C5-988E1FDF55D0}.Release|x64.ActiveCfg = Release|x64
		{BE9AA04C-31BE-42FC-B4C5-988E1FDF55D0}.Release|x64.Build.0 = Release|x64
		{BE9AA04C-31BE-42FC-B4C5-988E1FDF55D0}.Release|x86.ActiveCfg = Release|Win32
		{BE9AA04C-31BE-42FC-B4C5-988E1FDF55D0}.Release|x86.Build.0 = Release|Win32
	EndGlobalSection
	GlobalSection(SolutionProperties) = preSolution
		HideSolutionNode = FALSE
	EndGlobalSection
	GlobalSection(ExtensibilityGlobals) = postSolution
		SolutionGuid = {BE219043-2C3A-498A-A8E1-FDF30FFD5CCF}
	EndGlobalSection
EndGlobal
